
Microsoft Visual Studio Solution File, Format Version 12.00
# Visual Studio Version 17
VisualStudioVersion = 17.4.33213.308
MinimumVisualStudioVersion = 10.0.40219.1
Project("{FAE04EC0-301F-11D3-BF4B-00C04F79EFBC}") = "QueueSender", "QueueSender\QueueSender.csproj", "{110A3C44-ACDB-4F6A-8D2F-586C248E2F29}"
EndProject
Global
	GlobalSection(SolutionConfigurationPlatforms) = preSolution
		Debug|Any CPU = Debug|Any CPU
		Release|Any CPU = Release|Any CPU
	EndGlobalSection
	GlobalSection(ProjectConfigurationPlatforms) = postSolution
		{110A3C44-ACDB-4F6A-8D2F-586C248E2F29}.Debug|Any CPU.ActiveCfg = Debug|Any CPU
		{110A3C44-ACDB-4F6A-8D2F-586C248E2F29}.Debug|Any CPU.Build.0 = Debug|Any CPU
		{110A3C44-ACDB-4F6A-8D2F-586C248E2F29}.Release|Any CPU.ActiveCfg = Release|Any CPU
		{110A3C44-ACDB-4F6A-8D2F-586C248E2F29}.Release|Any CPU.Build.0 = Release|Any CPU
	EndGlobalSection
	GlobalSection(SolutionProperties) = preSolution
		HideSolutionNode = FALSE
	EndGlobalSection
	GlobalSection(ExtensibilityGlobals) = postSolution
		SolutionGuid = {AD239DC5-90B4-4DC6-9817-4D109F81900D}
	EndGlobalSection
EndGlobal
